
Microsoft Visual Studio Solution File, Format Version 12.00
# Visual Studio 15
VisualStudioVersion = 15.0.27703.2035
MinimumVisualStudioVersion = 10.0.40219.1
Project("{FAE04EC0-301F-11D3-BF4B-00C04F79EFBC}") = "MyWeb", "MyWeb\MyWeb.csproj", "{A890849E-DEC0-44F6-A318-2BE513E82071}"
EndProject
Project("{FAE04EC0-301F-11D3-BF4B-00C04F79EFBC}") = "ASPnet", "ASPnet\ASPnet.csproj", "{94947525-2EAE-462B-A995-AD1F9B756852}"
EndProject
Global
	GlobalSection(SolutionConfigurationPlatforms) = preSolution
		Debug|Any CPU = Debug|Any CPU
		Release|Any CPU = Release|Any CPU
	EndGlobalSection
	GlobalSection(ProjectConfigurationPlatforms) = postSolution
		{A890849E-DEC0-44F6-A318-2BE513E82071}.Debug|Any CPU.ActiveCfg = Debug|Any CPU
		{A890849E-DEC0-44F6-A318-2BE513E82071}.Debug|Any CPU.Build.0 = Debug|Any CPU
		{A890849E-DEC0-44F6-A318-2BE513E82071}.Release|Any CPU.ActiveCfg = Release|Any CPU
		{A890849E-DEC0-44F6-A318-2BE513E82071}.Release|Any CPU.Build.0 = Release|Any CPU
		{94947525-2EAE-462B-A995-AD1F9B756852}.Debug|Any CPU.ActiveCfg = Debug|Any CPU
		{94947525-2EAE-462B-A995-AD1F9B756852}.Debug|Any CPU.Build.0 = Debug|Any CPU
		{94947525-2EAE-462B-A995-AD1F9B756852}.Release|Any CPU.ActiveCfg = Release|Any CPU
		{94947525-2EAE-462B-A995-AD1F9B756852}.Release|Any CPU.Build.0 = Release|Any CPU
	EndGlobalSection
	GlobalSection(SolutionProperties) = preSolution
		HideSolutionNode = FALSE
	EndGlobalSection
	GlobalSection(ExtensibilityGlobals) = postSolution
		SolutionGuid = {6529F342-77F0-4D10-BCDD-73A65127A91E}
	EndGlobalSection
EndGlobal
